
Microsoft Visual Studio Solution File, Format Version 12.00
# Visual Studio Version 17
VisualStudioVersion = 17.0.31903.59
MinimumVisualStudioVersion = 10.0.40219.1
Project("{9A19103F-16F7-4668-BE54-9A1E7A4F7556}") = "Thriving.Geometry", "Thriving.Geometry\Thriving.Geometry.csproj", "{6F713C38-170B-4BD8-9231-11CA92B257DC}"
EndProject
Project("{FAE04EC0-301F-11D3-BF4B-00C04F79EFBC}") = "Thriving.Geometry.Test", "Thriving.Geometry.Test\Thriving.Geometry.Test.csproj", "{516A4A95-F77D-4C1C-B959-B9FAF16ED4E3}"
EndProject
Global
	GlobalSection(SolutionConfigurationPlatforms) = preSolution
		Debug|Any CPU = Debug|Any CPU
		Release|Any CPU = Release|Any CPU
	EndGlobalSection
	GlobalSection(ProjectConfigurationPlatforms) = postSolution
		{6F713C38-170B-4BD8-9231-11CA92B257DC}.Debug|Any CPU.ActiveCfg = Debug|Any CPU
		{6F713C38-170B-4BD8-9231-11CA92B257DC}.Debug|Any CPU.Build.0 = Debug|Any CPU
		{6F713C38-170B-4BD8-9231-11CA92B257DC}.Release|Any CPU.ActiveCfg = Release|Any CPU
		{6F713C38-170B-4BD8-9231-11CA92B257DC}.Release|Any CPU.Build.0 = Release|Any CPU
		{516A4A95-F77D-4C1C-B959-B9FAF16ED4E3}.Debug|Any CPU.ActiveCfg = Debug|Any CPU
		{516A4A95-F77D-4C1C-B959-B9FAF16ED4E3}.Debug|Any CPU.Build.0 = Debug|Any CPU
		{516A4A95-F77D-4C1C-B959-B9FAF16ED4E3}.Release|Any CPU.ActiveCfg = Release|Any CPU
		{516A4A95-F77D-4C1C-B959-B9FAF16ED4E3}.Release|Any CPU.Build.0 = Release|Any CPU
	EndGlobalSection
	GlobalSection(SolutionProperties) = preSolution
		HideSolutionNode = FALSE
	EndGlobalSection
	GlobalSection(ExtensibilityGlobals) = postSolution
		SolutionGuid = {B7D95AA9-9003-4D1B-A271-E10D49ED8731}
	EndGlobalSection
EndGlobal
